
Microsoft Visual Studio Solution File, Format Version 12.00
# Visual Studio Version 17
VisualStudioVersion = 17.11.35327.3
MinimumVisualStudioVersion = 10.0.40219.1
Project("{9A19103F-16F7-4668-BE54-9A1E7A4F7556}") = "Wordle", "Wordle\Wordle.csproj", "{AB2B6601-239F-4EA4-AF73-D53593B33065}"
EndProject
Project("{9A19103F-16F7-4668-BE54-9A1E7A4F7556}") = "Wordle.Data", "Wordle.Data\Wordle.Data.csproj", "{B0960A97-B1DF-42C0-A314-70125C3742BA}"
EndProject
Project("{9A19103F-16F7-4668-BE54-9A1E7A4F7556}") = "Wordle.Migrations", "Wordle.Migrations\Wordle.Migrations.csproj", "{1F603EA7-1026-4973-918B-C5407ED7740E}"
EndProject
Global
	GlobalSection(SolutionConfigurationPlatforms) = preSolution
		Debug|Any CPU = Debug|Any CPU
		Release|Any CPU = Release|Any CPU
	EndGlobalSection
	GlobalSection(ProjectConfigurationPlatforms) = postSolution
		{AB2B6601-239F-4EA4-AF73-D53593B33065}.Debug|Any CPU.ActiveCfg = Debug|Any CPU
		{AB2B6601-239F-4EA4-AF73-D53593B33065}.Debug|Any CPU.Build.0 = Debug|Any CPU
		{AB2B6601-239F-4EA4-AF73-D53593B33065}.Debug|Any CPU.Deploy.0 = Debug|Any CPU
		{AB2B6601-239F-4EA4-AF73-D53593B33065}.Release|Any CPU.ActiveCfg = Release|Any CPU
		{AB2B6601-239F-4EA4-AF73-D53593B33065}.Release|Any CPU.Build.0 = Release|Any CPU
		{AB2B6601-239F-4EA4-AF73-D53593B33065}.Release|Any CPU.Deploy.0 = Release|Any CPU
		{B0960A97-B1DF-42C0-A314-70125C3742BA}.Debug|Any CPU.ActiveCfg = Debug|Any CPU
		{B0960A97-B1DF-42C0-A314-70125C3742BA}.Debug|Any CPU.Build.0 = Debug|Any CPU
		{B0960A97-B1DF-42C0-A314-70125C3742BA}.Release|Any CPU.ActiveCfg = Release|Any CPU
		{B0960A97-B1DF-42C0-A314-70125C3742BA}.Release|Any CPU.Build.0 = Release|Any CPU
		{1F603EA7-1026-4973-918B-C5407ED7740E}.Debug|Any CPU.ActiveCfg = Debug|Any CPU
		{1F603EA7-1026-4973-918B-C5407ED7740E}.Debug|Any CPU.Build.0 = Debug|Any CPU
		{1F603EA7-1026-4973-918B-C5407ED7740E}.Release|Any CPU.ActiveCfg = Release|Any CPU
		{1F603EA7-1026-4973-918B-C5407ED7740E}.Release|Any CPU.Build.0 = Release|Any CPU
	EndGlobalSection
	GlobalSection(SolutionProperties) = preSolution
		HideSolutionNode = FALSE
	EndGlobalSection
	GlobalSection(ExtensibilityGlobals) = postSolution
		SolutionGuid = {A65D202C-E52E-487D-A581-C8C257087AC9}
	EndGlobalSection
EndGlobal
